
Microsoft Visual Studio Solution File, Format Version 12.00
# Visual Studio Version 16
VisualStudioVersion = 16.0.31702.278
MinimumVisualStudioVersion = 10.0.40219.1
Project("{FAE04EC0-301F-11D3-BF4B-00C04F79EFBC}") = "FilmesApi", "FilmesApi\FilmesApi.csproj", "{CDCCA8C9-DD4A-492F-B611-40ED55949776}"
EndProject
Global
	GlobalSection(SolutionConfigurationPlatforms) = preSolution
		Debug|Any CPU = Debug|Any CPU
		Release|Any CPU = Release|Any CPU
	EndGlobalSection
	GlobalSection(ProjectConfigurationPlatforms) = postSolution
		{CDCCA8C9-DD4A-492F-B611-40ED55949776}.Debug|Any CPU.ActiveCfg = Debug|Any CPU
		{CDCCA8C9-DD4A-492F-B611-40ED55949776}.Debug|Any CPU.Build.0 = Debug|Any CPU
		{CDCCA8C9-DD4A-492F-B611-40ED55949776}.Release|Any CPU.ActiveCfg = Release|Any CPU
		{CDCCA8C9-DD4A-492F-B611-40ED55949776}.Release|Any CPU.Build.0 = Release|Any CPU
	EndGlobalSection
	GlobalSection(SolutionProperties) = preSolution
		HideSolutionNode = FALSE
	EndGlobalSection
	GlobalSection(ExtensibilityGlobals) = postSolution
		SolutionGuid = {4F5467C5-DDA3-4B12-80F9-AA41DBAFB1E5}
	EndGlobalSection
EndGlobal
